
Microsoft Visual Studio Solution File, Format Version 12.00
# Visual Studio Version 17
VisualStudioVersion = 17.4.33213.308
MinimumVisualStudioVersion = 10.0.40219.1
Project("{FAE04EC0-301F-11D3-BF4B-00C04F79EFBC}") = "CapaControlador", "CapaControlador\CapaControlador.csproj", "{4CAB0354-A2FA-4765-8989-3DD1E4B1B48A}"
EndProject
Project("{FAE04EC0-301F-11D3-BF4B-00C04F79EFBC}") = "CapaModelo", "CapaModelo\CapaModelo.csproj", "{2783C2F9-816D-4F1C-87CC-F0AE77D77BCC}"
EndProject
Project("{FAE04EC0-301F-11D3-BF4B-00C04F79EFBC}") = "CapaVista", "CapaVista\CapaVista.csproj", "{CC154AD7-D096-4D55-87D7-B4C749D5FD96}"
EndProject
Global
	GlobalSection(SolutionConfigurationPlatforms) = preSolution
		Debug|Any CPU = Debug|Any CPU
		Release|Any CPU = Release|Any CPU
	EndGlobalSection
	GlobalSection(ProjectConfigurationPlatforms) = postSolution
		{4CAB0354-A2FA-4765-8989-3DD1E4B1B48A}.Debug|Any CPU.ActiveCfg = Debug|Any CPU
		{4CAB0354-A2FA-4765-8989-3DD1E4B1B48A}.Debug|Any CPU.Build.0 = Debug|Any CPU
		{4CAB0354-A2FA-4765-8989-3DD1E4B1B48A}.Release|Any CPU.ActiveCfg = Release|Any CPU
		{4CAB0354-A2FA-4765-8989-3DD1E4B1B48A}.Release|Any CPU.Build.0 = Release|Any CPU
		{2783C2F9-816D-4F1C-87CC-F0AE77D77BCC}.Debug|Any CPU.ActiveCfg = Debug|Any CPU
		{2783C2F9-816D-4F1C-87CC-F0AE77D77BCC}.Debug|Any CPU.Build.0 = Debug|Any CPU
		{2783C2F9-816D-4F1C-87CC-F0AE77D77BCC}.Release|Any CPU.ActiveCfg = Release|Any CPU
		{2783C2F9-816D-4F1C-87CC-F0AE77D77BCC}.Release|Any CPU.Build.0 = Release|Any CPU
		{CC154AD7-D096-4D55-87D7-B4C749D5FD96}.Debug|Any CPU.ActiveCfg = Debug|Any CPU
		{CC154AD7-D096-4D55-87D7-B4C749D5FD96}.Debug|Any CPU.Build.0 = Debug|Any CPU
		{CC154AD7-D096-4D55-87D7-B4C749D5FD96}.Release|Any CPU.ActiveCfg = Release|Any CPU
		{CC154AD7-D096-4D55-87D7-B4C749D5FD96}.Release|Any CPU.Build.0 = Release|Any CPU
	EndGlobalSection
	GlobalSection(SolutionProperties) = preSolution
		HideSolutionNode = FALSE
	EndGlobalSection
	GlobalSection(ExtensibilityGlobals) = postSolution
		SolutionGuid = {28808522-CFCB-4167-ADCE-B54FFEACEB2E}
	EndGlobalSection
EndGlobal
