
Microsoft Visual Studio Solution File, Format Version 12.00
# Visual Studio Version 16
VisualStudioVersion = 16.0.33214.272
MinimumVisualStudioVersion = 10.0.40219.1
Project("{FAE04EC0-301F-11D3-BF4B-00C04F79EFBC}") = "Modelo", "..\Modelo\Modelo.csproj", "{33666D3D-0D4C-4FAA-A240-5F8882134FA0}"
EndProject
Project("{FAE04EC0-301F-11D3-BF4B-00C04F79EFBC}") = "Vista", "..\Vista\Vista.csproj", "{6B91AF2E-2176-41BC-933C-2F103CCA0D3D}"
EndProject
Project("{FAE04EC0-301F-11D3-BF4B-00C04F79EFBC}") = "Controlador", "..\Controlador\Controlador.csproj", "{8F6623D4-E29B-48D3-8B8D-13EBEA24CFD4}"
EndProject
Global
	GlobalSection(SolutionConfigurationPlatforms) = preSolution
		Debug|Any CPU = Debug|Any CPU
		Release|Any CPU = Release|Any CPU
	EndGlobalSection
	GlobalSection(ProjectConfigurationPlatforms) = postSolution
		{33666D3D-0D4C-4FAA-A240-5F8882134FA0}.Debug|Any CPU.ActiveCfg = Debug|Any CPU
		{33666D3D-0D4C-4FAA-A240-5F8882134FA0}.Debug|Any CPU.Build.0 = Debug|Any CPU
		{33666D3D-0D4C-4FAA-A240-5F8882134FA0}.Release|Any CPU.ActiveCfg = Release|Any CPU
		{33666D3D-0D4C-4FAA-A240-5F8882134FA0}.Release|Any CPU.Build.0 = Release|Any CPU
		{6B91AF2E-2176-41BC-933C-2F103CCA0D3D}.Debug|Any CPU.ActiveCfg = Debug|Any CPU
		{6B91AF2E-2176-41BC-933C-2F103CCA0D3D}.Debug|Any CPU.Build.0 = Debug|Any CPU
		{6B91AF2E-2176-41BC-933C-2F103CCA0D3D}.Release|Any CPU.ActiveCfg = Release|Any CPU
		{6B91AF2E-2176-41BC-933C-2F103CCA0D3D}.Release|Any CPU.Build.0 = Release|Any CPU
		{8F6623D4-E29B-48D3-8B8D-13EBEA24CFD4}.Debug|Any CPU.ActiveCfg = Debug|Any CPU
		{8F6623D4-E29B-48D3-8B8D-13EBEA24CFD4}.Debug|Any CPU.Build.0 = Debug|Any CPU
		{8F6623D4-E29B-48D3-8B8D-13EBEA24CFD4}.Release|Any CPU.ActiveCfg = Release|Any CPU
		{8F6623D4-E29B-48D3-8B8D-13EBEA24CFD4}.Release|Any CPU.Build.0 = Release|Any CPU
	EndGlobalSection
	GlobalSection(SolutionProperties) = preSolution
		HideSolutionNode = FALSE
	EndGlobalSection
	GlobalSection(ExtensibilityGlobals) = postSolution
		SolutionGuid = {24FE2833-170F-44F7-9192-FC19E0A7E16D}
	EndGlobalSection
EndGlobal
